
Microsoft Visual Studio Solution File, Format Version 12.00
# Visual Studio 15
VisualStudioVersion = 15.0.28307.1062
MinimumVisualStudioVersion = 10.0.40219.1
Project("{FAE04EC0-301F-11D3-BF4B-00C04F79EFBC}") = "ConsoleApp1", "ConsoleApp1\ConsoleApp1.csproj", "{D3BB29D1-D970-49AE-90AD-7F7747F14161}"
EndProject
Global
	GlobalSection(SolutionConfigurationPlatforms) = preSolution
		Debug|Any CPU = Debug|Any CPU
		Release|Any CPU = Release|Any CPU
	EndGlobalSection
	GlobalSection(ProjectConfigurationPlatforms) = postSolution
		{D3BB29D1-D970-49AE-90AD-7F7747F14161}.Debug|Any CPU.ActiveCfg = Debug|Any CPU
		{D3BB29D1-D970-49AE-90AD-7F7747F14161}.Debug|Any CPU.Build.0 = Debug|Any CPU
		{D3BB29D1-D970-49AE-90AD-7F7747F14161}.Release|Any CPU.ActiveCfg = Release|Any CPU
		{D3BB29D1-D970-49AE-90AD-7F7747F14161}.Release|Any CPU.Build.0 = Release|Any CPU
	EndGlobalSection
	GlobalSection(SolutionProperties) = preSolution
		HideSolutionNode = FALSE
	EndGlobalSection
	GlobalSection(ExtensibilityGlobals) = postSolution
		SolutionGuid = {7A89BC4E-C32D-4482-9922-F27A0B42FE7C}
	EndGlobalSection
EndGlobal
